
Microsoft Visual Studio Solution File, Format Version 12.00
# Visual Studio Version 16
VisualStudioVersion = 16.0.30413.136
MinimumVisualStudioVersion = 10.0.40219.1
Project("{F184B08F-C81C-45F6-A57F-5ABD9991F28F}") = "SuperPakerServer", "SuperPakerServer\SuperPakerServer.vbproj", "{3CBDA3E9-E237-4CAD-BF56-C77C9079A24C}"
EndProject
Project("{FAE04EC0-301F-11D3-BF4B-00C04F79EFBC}") = "TestWCF", "TestWCF\TestWCF.csproj", "{E0FAA26B-7F06-49CE-934C-2C403F911DFB}"
	ProjectSection(ProjectDependencies) = postProject
		{3CBDA3E9-E237-4CAD-BF56-C77C9079A24C} = {3CBDA3E9-E237-4CAD-BF56-C77C9079A24C}
	EndProjectSection
EndProject
Global
	GlobalSection(SolutionConfigurationPlatforms) = preSolution
		Debug|Any CPU = Debug|Any CPU
		Release|Any CPU = Release|Any CPU
	EndGlobalSection
	GlobalSection(ProjectConfigurationPlatforms) = postSolution
		{3CBDA3E9-E237-4CAD-BF56-C77C9079A24C}.Debug|Any CPU.ActiveCfg = Debug|Any CPU
		{3CBDA3E9-E237-4CAD-BF56-C77C9079A24C}.Debug|Any CPU.Build.0 = Debug|Any CPU
		{3CBDA3E9-E237-4CAD-BF56-C77C9079A24C}.Release|Any CPU.ActiveCfg = Release|Any CPU
		{3CBDA3E9-E237-4CAD-BF56-C77C9079A24C}.Release|Any CPU.Build.0 = Release|Any CPU
		{E0FAA26B-7F06-49CE-934C-2C403F911DFB}.Debug|Any CPU.ActiveCfg = Debug|Any CPU
		{E0FAA26B-7F06-49CE-934C-2C403F911DFB}.Debug|Any CPU.Build.0 = Debug|Any CPU
		{E0FAA26B-7F06-49CE-934C-2C403F911DFB}.Release|Any CPU.ActiveCfg = Release|Any CPU
		{E0FAA26B-7F06-49CE-934C-2C403F911DFB}.Release|Any CPU.Build.0 = Release|Any CPU
	EndGlobalSection
	GlobalSection(SolutionProperties) = preSolution
		HideSolutionNode = FALSE
	EndGlobalSection
	GlobalSection(ExtensibilityGlobals) = postSolution
		SolutionGuid = {4049D80B-60E8-4427-BAB4-E7F1F31B6610}
	EndGlobalSection
EndGlobal
